// !$*UTF8*$!
{
	archiveVersion = 1;
	classes = {
	};
	objectVersion = 48;
	objects = {

/* Begin PBXBuildFile section */
		EC64819E1FB2119E0030060C /* AppDelegate.swift in Sources */ = {isa = PBXBuildFile; fileRef = EC64819D1FB2119E0030060C /* AppDelegate.swift */; };
		EC6481A01FB2119E0030060C /* ViewController.swift in Sources */ = {isa = PBXBuildFile; fileRef = EC64819F1FB2119E0030060C /* ViewController.swift */; };
		EC6481A31FB2119E0030060C /* Main.storyboard in Resources */ = {isa = PBXBuildFile; fileRef = EC6481A11FB2119E0030060C /* Main.storyboard */; };
		EC6481A51FB2119E0030060C /* Assets.xcassets in Resources */ = {isa = PBXBuildFile; fileRef = EC6481A41FB2119E0030060C /* Assets.xcassets */; };
		EC6481A81FB2119E0030060C /* LaunchScreen.storyboard in Resources */ = {isa = PBXBuildFile; fileRef = EC6481A61FB2119E0030060C /* LaunchScreen.storyboard */; };
		EC6481B11FB21C1E0030060C /* BorderButton.swift in Sources */ = {isa = PBXBuildFile; fileRef = EC6481B01FB21C1E0030060C /* BorderButton.swift */; };
		EC69F0101FB34CDB0097A4B8 /* LeagueVC.swift in Sources */ = {isa = PBXBuildFile; fileRef = EC69F00F1FB34CDB0097A4B8 /* LeagueVC.swift */; };
		EC69F0121FB34D0B0097A4B8 /* SkillVC.swift in Sources */ = {isa = PBXBuildFile; fileRef = EC69F0111FB34D0B0097A4B8 /* SkillVC.swift */; };
		EC69F0141FB35A270097A4B8 /* Player.swift in Sources */ = {isa = PBXBuildFile; fileRef = EC69F0131FB35A270097A4B8 /* Player.swift */; };
/* End PBXBuildFile section */

/* Begin PBXFileReference section */
		EC64819A1FB2119E0030060C /* app-swoosh.app */ = {isa = PBXFileReference; explicitFileType = wrapper.application; includeInIndex = 0; path = "app-swoosh.app"; sourceTree = BUILT_PRODUCTS_DIR; };
		EC64819D1FB2119E0030060C /* AppDelegate.swift */ = {isa = PBXFileReference; lastKnownFileType = sourcecode.swift; path = AppDelegate.swift; sourceTree = "<group>"; };
		EC64819F1FB2119E0030060C /* ViewController.swift */ = {isa = PBXFileReference; lastKnownFileType = sourcecode.swift; path = ViewController.swift; sourceTree = "<group>"; };
		EC6481A21FB2119E0030060C /* Base */ = {isa = PBXFileReference; lastKnownFileType = file.storyboard; name = Base; path = Base.lproj/Main.storyboard; sourceTree = "<group>"; };
		EC6481A41FB2119E0030060C /* Assets.xcassets */ = {isa = PBXFileReference; lastKnownFileType = folder.assetcatalog; path = Assets.xcassets; sourceTree = "<group>"; };
		EC6481A71FB2119E0030060C /* Base */ = {isa = PBXFileReference; lastKnownFileType = file.storyboard; name = Base; path = Base.lproj/LaunchScreen.storyboard; sourceTree = "<group>"; };
		EC6481A91FB2119E0030060C /* Info.plist */ = {isa = PBXFileReference; lastKnownFileType = text.plist.xml; path = Info.plist; sourceTree = "<group>"; };
		EC6481B01FB21C1E0030060C /* BorderButton.swift */ = {isa = PBXFileReference; lastKnownFileType = sourcecode.swift; path = BorderButton.swift; sourceTree = "<group>"; };
		EC69F00F1FB34CDB0097A4B8 /* LeagueVC.swift */ = {isa = PBXFileReference; lastKnownFileType = sourcecode.swift; path = LeagueVC.swift; sourceTree = "<group>"; };
		EC69F0111FB34D0B0097A4B8 /* SkillVC.swift */ = {isa = PBXFileReference; lastKnownFileType = sourcecode.swift; path = SkillVC.swift; sourceTree = "<group>"; };
		EC69F0131FB35A270097A4B8 /* Player.swift */ = {isa = PBXFileReference; lastKnownFileType = sourcecode.swift; path = Player.swift; sourceTree = "<group>"; };
/* End PBXFileReference section */

/* Begin PBXFrameworksBuildPhase section */
		EC6481971FB2119E0030060C /* Frameworks */ = {
			isa = PBXFrameworksBuildPhase;
			buildActionMask = 2147483647;
			files = (
			);
			runOnlyForDeploymentPostprocessing = 0;
		};
/* End PBXFrameworksBuildPhase section */

/* Begin PBXGroup section */
		EC6481911FB2119E0030060C = {
			isa = PBXGroup;
			children = (
				EC64819C1FB2119E0030060C /* app-swoosh */,
				EC64819B1FB2119E0030060C /* Products */,
			);
			sourceTree = "<group>";
		};
		EC64819B1FB2119E0030060C /* Products */ = {
			isa = PBXGroup;
			children = (
				EC64819A1FB2119E0030060C /* app-swoosh.app */,
			);
			name = Products;
			sourceTree = "<group>";
		};
		EC64819C1FB2119E0030060C /* app-swoosh */ = {
			isa = PBXGroup;
			children = (
				EC69F00C1FB34AB70097A4B8 /* Modal */,
				EC69F00E1FB34AD60097A4B8 /* Controller */,
				EC6481AF1FB21B4A0030060C /* Views */,
				EC64819D1FB2119E0030060C /* AppDelegate.swift */,
				EC6481A11FB2119E0030060C /* Main.storyboard */,
				EC6481A61FB2119E0030060C /* LaunchScreen.storyboard */,
				EC6481A41FB2119E0030060C /* Assets.xcassets */,
				EC6481A91FB2119E0030060C /* Info.plist */,
			);
			path = "app-swoosh";
			sourceTree = "<group>";
		};
		EC6481AF1FB21B4A0030060C /* Views */ = {
			isa = PBXGroup;
			children = (
				EC6481B01FB21C1E0030060C /* BorderButton.swift */,
			);
			path = Views;
			sourceTree = "<group>";
		};
		EC69F00C1FB34AB70097A4B8 /* Modal */ = {
			isa = PBXGroup;
			children = (
				EC69F0131FB35A270097A4B8 /* Player.swift */,
			);
			path = Modal;
			sourceTree = "<group>";
		};
		EC69F00E1FB34AD60097A4B8 /* Controller */ = {
			isa = PBXGroup;
			children = (
				EC64819F1FB2119E0030060C /* ViewController.swift */,
				EC69F00F1FB34CDB0097A4B8 /* LeagueVC.swift */,
				EC69F0111FB34D0B0097A4B8 /* SkillVC.swift */,
			);
			path = Controller;
			sourceTree = "<group>";
		};
/* End PBXGroup section */

/* Begin PBXNativeTarget section */
		EC6481991FB2119E0030060C /* app-swoosh */ = {
			isa = PBXNativeTarget;
			buildConfigurationList = EC6481AC1FB2119E0030060C /* Build configuration list for PBXNativeTarget "app-swoosh" */;
			buildPhases = (
				EC6481961FB2119E0030060C /* Sources */,
				EC6481971FB2119E0030060C /* Frameworks */,
				EC6481981FB2119E0030060C /* Resources */,
			);
			buildRules = (
			);
			dependencies = (
			);
			name = "app-swoosh";
			productName = "app-swoosh";
			productReference = EC64819A1FB2119E0030060C /* app-swoosh.app */;
			productType = "com.apple.product-type.application";
		};
/* End PBXNativeTarget section */

/* Begin PBXProject section */
		EC6481921FB2119E0030060C /* Project object */ = {
			isa = PBXProject;
			attributes = {
				LastSwiftUpdateCheck = 0910;
				LastUpgradeCheck = 0910;
				ORGANIZATIONNAME = Marika;
				TargetAttributes = {
					EC6481991FB2119E0030060C = {
						CreatedOnToolsVersion = 9.1;
						ProvisioningStyle = Automatic;
					};
				};
			};
			buildConfigurationList = EC6481951FB2119E0030060C /* Build configuration list for PBXProject "app-swoosh" */;
			compatibilityVersion = "Xcode 8.0";
			developmentRegion = en;
			hasScannedForEncodings = 0;
			knownRegions = (
				en,
				Base,
			);
			mainGroup = EC6481911FB2119E0030060C;
			productRefGroup = EC64819B1FB2119E0030060C /* Products */;
			projectDirPath = "";
			projectRoot = "";
			targets = (
				EC6481991FB2119E0030060C /* app-swoosh */,
			);
		};
/* End PBXProject section */

/* Begin PBXResourcesBuildPhase section */
		EC6481981FB2119E0030060C /* Resources */ = {
			isa = PBXResourcesBuildPhase;
			buildActionMask = 2147483647;
			files = (
				EC6481A81FB2119E0030060C /* LaunchScreen.storyboard in Resources */,
				EC6481A51FB2119E0030060C /* Assets.xcassets in Resources */,
				EC6481A31FB2119E0030060C /* Main.storyboard in Resources */,
			);
			runOnlyForDeploymentPostprocessing = 0;
		};
/* End PBXResourcesBuildPhase section */

/* Begin PBXSourcesBuildPhase section */
		EC6481961FB2119E0030060C /* Sources */ = {
			isa = PBXSourcesBuildPhase;
			buildActionMask = 2147483647;
			files = (
				EC6481A01FB2119E0030060C /* ViewController.swift in Sources */,
				EC69F0101FB34CDB0097A4B8 /* LeagueVC.swift in Sources */,
				EC64819E1FB2119E0030060C /* AppDelegate.swift in Sources */,
				EC69F0121FB34D0B0097A4B8 /* SkillVC.swift in Sources */,
				EC69F0141FB35A270097A4B8 /* Player.swift in Sources */,
				EC6481B11FB21C1E0030060C /* BorderButton.swift in Sources */,
			);
			runOnlyForDeploymentPostprocessing = 0;
		};
/* End PBXSourcesBuildPhase section */

/* Begin PBXVariantGroup section */
		EC6481A11FB2119E0030060C /* Main.storyboard */ = {
			isa = PBXVariantGroup;
			children = (
				EC6481A21FB2119E0030060C /* Base */,
			);
			name = Main.storyboard;
			sourceTree = "<group>";
		};
		EC6481A61FB2119E0030060C /* LaunchScreen.storyboard */ = {
			isa = PBXVariantGroup;
			children = (
				EC6481A71FB2119E0030060C /* Base */,
			);
			name = LaunchScreen.storyboard;
			sourceTree = "<group>";
		};
/* End PBXVariantGroup section */

/* Begin XCBuildConfiguration section */
		EC6481AA1FB2119E0030060C /* Debug */ = {
			isa = XCBuildConfiguration;
			buildSettings = {
				ALWAYS_SEARCH_USER_PATHS = NO;
				CLANG_ANALYZER_NONNULL = YES;
				CLANG_ANALYZER_NUMBER_OBJECT_CONVERSION = YES_AGGRESSIVE;
				CLANG_CXX_LANGUAGE_STANDARD = "gnu++14";
				CLANG_CXX_LIBRARY = "libc++";
				CLANG_ENABLE_MODULES = YES;
				CLANG_ENABLE_OBJC_ARC = YES;
				CLANG_WARN_BLOCK_CAPTURE_AUTORELEASING = YES;
				CLANG_WARN_BOOL_CONVERSION = YES;
				CLANG_WARN_COMMA = YES;
				CLANG_WARN_CONSTANT_CONVERSION = YES;
				CLANG_WARN_DIRECT_OBJC_ISA_USAGE = YES_ERROR;
				CLANG_WARN_DOCUMENTATION_COMMENTS = YES;
				CLANG_WARN_EMPTY_BODY = YES;
				CLANG_WARN_ENUM_CONVERSION = YES;
				CLANG_WARN_INFINITE_RECURSION = YES;
				CLANG_WARN_INT_CONVERSION = YES;
				CLANG_WARN_NON_LITERAL_NULL_CONVERSION = YES;
				CLANG_WARN_OBJC_LITERAL_CONVERSION = YES;
				CLANG_WARN_OBJC_ROOT_CLASS = YES_ERROR;
				CLANG_WARN_RANGE_LOOP_ANALYSIS = YES;
				CLANG_WARN_STRICT_PROTOTYPES = YES;
				CLANG_WARN_SUSPICIOUS_MOVE = YES;
				CLANG_WARN_UNGUARDED_AVAILABILITY = YES_AGGRESSIVE;
				CLANG_WARN_UNREACHABLE_CODE = YES;
				CLANG_WARN__DUPLICATE_METHOD_MATCH = YES;
				CODE_SIGN_IDENTITY = "iPhone Developer";
				COPY_PHASE_STRIP = NO;
				DEBUG_INFORMATION_FORMAT = dwarf;
				ENABLE_STRICT_OBJC_MSGSEND = YES;
				ENABLE_TESTABILITY = YES;
				GCC_C_LANGUAGE_STANDARD = gnu11;
				GCC_DYNAMIC_NO_PIC = NO;
				GCC_NO_COMMON_BLOCKS = YES;
				GCC_OPTIMIZATION_LEVEL = 0;
				GCC_PREPROCESSOR_DEFINITIONS = (
					"DEBUG=1",
					"$(inherited)",
				);
				GCC_WARN_64_TO_32_BIT_CONVERSION = YES;
				GCC_WARN_ABOUT_RETURN_TYPE = YES_ERROR;
				GCC_WARN_UNDECLARED_SELECTOR = YES;
				GCC_WARN_UNINITIALIZED_AUTOS = YES_AGGRESSIVE;
				GCC_WARN_UNUSED_FUNCTION = YES;
				GCC_WARN_UNUSED_VARIABLE = YES;
				IPHONEOS_DEPLOYMENT_TARGET = 11.1;
				MTL_ENABLE_DEBUG_INFO = YES;
				ONLY_ACTIVE_ARCH = YES;
				SDKROOT = iphoneos;
				SWIFT_ACTIVE_COMPILATION_CONDITIONS = DEBUG;
				SWIFT_OPTIMIZATION_LEVEL = "-Onone";
			};
			name = Debug;
		};
		EC6481AB1FB2119E0030060C /* Release */ = {
			isa = XCBuildConfiguration;
			buildSettings = {
				ALWAYS_SEARCH_USER_PATHS = NO;
				CLANG_ANALYZER_NONNULL = YES;
				CLANG_ANALYZER_NUMBER_OBJECT_CONVERSION = YES_AGGRESSIVE;
				CLANG_CXX_LANGUAGE_STANDARD = "gnu++14";
				CLANG_CXX_LIBRARY = "libc++";
				CLANG_ENABLE_MODULES = YES;
				CLANG_ENABLE_OBJC_ARC = YES;
				CLANG_WARN_BLOCK_CAPTURE_AUTORELEASING = YES;
				CLANG_WARN_BOOL_CONVERSION = YES;
				CLANG_WARN_COMMA = YES;
				CLANG_WARN_CONSTANT_CONVERSION = YES;
				CLANG_WARN_DIRECT_OBJC_ISA_USAGE = YES_ERROR;
				CLANG_WARN_DOCUMENTATION_COMMENTS = YES;
				CLANG_WARN_EMPTY_BODY = YES;
				CLANG_WARN_ENUM_CONVERSION = YES;
				CLANG_WARN_INFINITE_RECURSION = YES;
				CLANG_WARN_INT_CONVERSION = YES;
				CLANG_WARN_NON_LITERAL_NULL_CONVERSION = YES;
				CLANG_WARN_OBJC_LITERAL_CONVERSION = YES;
				CLANG_WARN_OBJC_ROOT_CLASS = YES_ERROR;
				CLANG_WARN_RANGE_LOOP_ANALYSIS = YES;
				CLANG_WARN_STRICT_PROTOTYPES = YES;
				CLANG_WARN_SUSPICIOUS_MOVE = YES;
				CLANG_WARN_UNGUARDED_AVAILABILITY = YES_AGGRESSIVE;
				CLANG_WARN_UNREACHABLE_CODE = YES;
				CLANG_WARN__DUPLICATE_METHOD_MATCH = YES;
				CODE_SIGN_IDENTITY = "iPhone Developer";
				COPY_PHASE_STRIP = NO;
				DEBUG_INFORMATION_FORMAT = "dwarf-with-dsym";
				ENABLE_NS_ASSERTIONS = NO;
				ENABLE_STRICT_OBJC_MSGSEND = YES;
				GCC_C_LANGUAGE_STANDARD = gnu11;
				GCC_NO_COMMON_BLOCKS = YES;
				GCC_WARN_64_TO_32_BIT_CONVERSION = YES;
				GCC_WARN_ABOUT_RETURN_TYPE = YES_ERROR;
				GCC_WARN_UNDECLARED_SELECTOR = YES;
				GCC_WARN_UNINITIALIZED_AUTOS = YES_AGGRESSIVE;
				GCC_WARN_UNUSED_FUNCTION = YES;
				GCC_WARN_UNUSED_VARIABLE = YES;
				IPHONEOS_DEPLOYMENT_TARGET = 11.1;
				MTL_ENABLE_DEBUG_INFO = NO;
				SDKROOT = iphoneos;
				SWIFT_OPTIMIZATION_LEVEL = "-Owholemodule";
				VALIDATE_PRODUCT = YES;
			};
			name = Release;
		};
		EC6481AD1FB2119E0030060C /* Debug */ = {
			isa = XCBuildConfiguration;
			buildSettings = {
				ASSETCATALOG_COMPILER_APPICON_NAME = AppIcon;
				CODE_SIGN_STYLE = Automatic;
				DEVELOPMENT_TEAM = V2ZCXZHVKJ;
				INFOPLIST_FILE = "app-swoosh/Info.plist";
				LD_RUNPATH_SEARCH_PATHS = "$(inherited) @executable_path/Frameworks";
				PRODUCT_BUNDLE_IDENTIFIER = "me.app-swoosh";
				PRODUCT_NAME = "$(TARGET_NAME)";
				SWIFT_VERSION = 4.0;
				TARGETED_DEVICE_FAMILY = "1,2";
			};
			name = Debug;
		};
		EC6481AE1FB2119E0030060C /* Release */ = {
			isa = XCBuildConfiguration;
			buildSettings = {
				ASSETCATALOG_COMPILER_APPICON_NAME = AppIcon;
				CODE_SIGN_STYLE = Automatic;
				DEVELOPMENT_TEAM = V2ZCXZHVKJ;
				INFOPLIST_FILE = "app-swoosh/Info.plist";
				LD_RUNPATH_SEARCH_PATHS = "$(inherited) @executable_path/Frameworks";
				PRODUCT_BUNDLE_IDENTIFIER = "me.app-swoosh";
				PRODUCT_NAME = "$(TARGET_NAME)";
				SWIFT_VERSION = 4.0;
				TARGETED_DEVICE_FAMILY = "1,2";
			};
			name = Release;
		};
/* End XCBuildConfiguration section */

/* Begin XCConfigurationList section */
		EC6481951FB2119E0030060C /* Build configuration list for PBXProject "app-swoosh" */ = {
			isa = XCConfigurationList;
			buildConfigurations = (
				EC6481AA1FB2119E0030060C /* Debug */,
				EC6481AB1FB2119E0030060C /* Release */,
			);
			defaultConfigurationIsVisible = 0;
			defaultConfigurationName = Release;
		};
		EC6481AC1FB2119E0030060C /* Build configuration list for PBXNativeTarget "app-swoosh" */ = {
			isa = XCConfigurationList;
			buildConfigurations = (
				EC6481AD1FB2119E0030060C /* Debug */,
				EC6481AE1FB2119E0030060C /* Release */,
			);
			defaultConfigurationIsVisible = 0;
			defaultConfigurationName = Release;
		};
/* End XCConfigurationList section */
	};
	rootObject = EC6481921FB2119E0030060C /* Project object */;
}
